
Microsoft Visual Studio Solution File, Format Version 12.00
# Visual Studio 15
VisualStudioVersion = 15.0.26124.0
MinimumVisualStudioVersion = 15.0.26124.0
Project("{2150E333-8FDC-42A3-9474-1A3956D46DE8}") = "source", "source", "{8E520466-D8FF-4295-A61B-6C1B90B786D9}"
EndProject
Project("{F2A71F9B-5D33-465A-A702-920D77279786}") = "EventHub.FSharp", "source\EventHub.FSharp\EventHub.FSharp.fsproj", "{04A95BC1-0D2C-4ADB-AA15-25715D7F3A8E}"
EndProject
Project("{2150E333-8FDC-42A3-9474-1A3956D46DE8}") = "tests", "tests", "{6019499C-3968-4BBF-A3DB-240449E0F416}"
EndProject
Project("{F2A71F9B-5D33-465A-A702-920D77279786}") = "EventHub.FSharp.Tests", "tests\EventHub.FSharp.Tests\EventHub.FSharp.Tests.fsproj", "{54D00AFA-0D93-443A-B9DB-57029C118082}"
EndProject
Global
	GlobalSection(SolutionConfigurationPlatforms) = preSolution
		Debug|Any CPU = Debug|Any CPU
		Debug|x64 = Debug|x64
		Debug|x86 = Debug|x86
		Release|Any CPU = Release|Any CPU
		Release|x64 = Release|x64
		Release|x86 = Release|x86
	EndGlobalSection
	GlobalSection(SolutionProperties) = preSolution
		HideSolutionNode = FALSE
	EndGlobalSection
	GlobalSection(ProjectConfigurationPlatforms) = postSolution
		{04A95BC1-0D2C-4ADB-AA15-25715D7F3A8E}.Debug|Any CPU.ActiveCfg = Debug|Any CPU
		{04A95BC1-0D2C-4ADB-AA15-25715D7F3A8E}.Debug|Any CPU.Build.0 = Debug|Any CPU
		{04A95BC1-0D2C-4ADB-AA15-25715D7F3A8E}.Debug|x64.ActiveCfg = Debug|Any CPU
		{04A95BC1-0D2C-4ADB-AA15-25715D7F3A8E}.Debug|x64.Build.0 = Debug|Any CPU
		{04A95BC1-0D2C-4ADB-AA15-25715D7F3A8E}.Debug|x86.ActiveCfg = Debug|Any CPU
		{04A95BC1-0D2C-4ADB-AA15-25715D7F3A8E}.Debug|x86.Build.0 = Debug|Any CPU
		{04A95BC1-0D2C-4ADB-AA15-25715D7F3A8E}.Release|Any CPU.ActiveCfg = Release|Any CPU
		{04A95BC1-0D2C-4ADB-AA15-25715D7F3A8E}.Release|Any CPU.Build.0 = Release|Any CPU
		{04A95BC1-0D2C-4ADB-AA15-25715D7F3A8E}.Release|x64.ActiveCfg = Release|Any CPU
		{04A95BC1-0D2C-4ADB-AA15-25715D7F3A8E}.Release|x64.Build.0 = Release|Any CPU
		{04A95BC1-0D2C-4ADB-AA15-25715D7F3A8E}.Release|x86.ActiveCfg = Release|Any CPU
		{04A95BC1-0D2C-4ADB-AA15-25715D7F3A8E}.Release|x86.Build.0 = Release|Any CPU
		{54D00AFA-0D93-443A-B9DB-57029C118082}.Debug|Any CPU.ActiveCfg = Debug|Any CPU
		{54D00AFA-0D93-443A-B9DB-57029C118082}.Debug|Any CPU.Build.0 = Debug|Any CPU
		{54D00AFA-0D93-443A-B9DB-57029C118082}.Debug|x64.ActiveCfg = Debug|Any CPU
		{54D00AFA-0D93-443A-B9DB-57029C118082}.Debug|x64.Build.0 = Debug|Any CPU
		{54D00AFA-0D93-443A-B9DB-57029C118082}.Debug|x86.ActiveCfg = Debug|Any CPU
		{54D00AFA-0D93-443A-B9DB-57029C118082}.Debug|x86.Build.0 = Debug|Any CPU
		{54D00AFA-0D93-443A-B9DB-57029C118082}.Release|Any CPU.ActiveCfg = Release|Any CPU
		{54D00AFA-0D93-443A-B9DB-57029C118082}.Release|Any CPU.Build.0 = Release|Any CPU
		{54D00AFA-0D93-443A-B9DB-57029C118082}.Release|x64.ActiveCfg = Release|Any CPU
		{54D00AFA-0D93-443A-B9DB-57029C118082}.Release|x64.Build.0 = Release|Any CPU
		{54D00AFA-0D93-443A-B9DB-57029C118082}.Release|x86.ActiveCfg = Release|Any CPU
		{54D00AFA-0D93-443A-B9DB-57029C118082}.Release|x86.Build.0 = Release|Any CPU
	EndGlobalSection
	GlobalSection(NestedProjects) = preSolution
		{04A95BC1-0D2C-4ADB-AA15-25715D7F3A8E} = {8E520466-D8FF-4295-A61B-6C1B90B786D9}
		{54D00AFA-0D93-443A-B9DB-57029C118082} = {6019499C-3968-4BBF-A3DB-240449E0F416}
	EndGlobalSection
EndGlobal
